PODS:
  - Alamofire (5.2.0)
  - GSMessages (1.7.3)
  - NVActivityIndicatorView (4.8.0):
    - NVActivityIndicatorView/Presenter (= 4.8.0)
  - NVActivityIndicatorView/Presenter (4.8.0)
  - ReachabilitySwift (5.0.0)
  - SwiftyJSON (5.0.0)

DEPENDENCIES:
  - Alamofire
  - GSMessages
  - NVActivityIndicatorView
  - ReachabilitySwift
  - SwiftyJSON

SPEC REPOS:
  trunk:
    - Alamofire
    - GSMessages
    - NVActivityIndicatorView
    - ReachabilitySwift
    - SwiftyJSON

SPEC CHECKSUMS:
  Alamofire: c1ca147559e730bfb2182c8c7aafbdd90a867987
  GSMessages: b9bcf210247426ae113ff22eac1d8f03ad5dee53
  NVActivityIndicatorView: d24b7ebcf80af5dcd994adb650e2b6c93379270f
  ReachabilitySwift: 985039c6f7b23a1da463388634119492ff86c825
  SwiftyJSON: 36413e04c44ee145039d332b4f4e2d3e8d6c4db7

PODFILE CHECKSUM: b510084ae24e0ae3d7fb152c14d88b071d63b22b

COCOAPODS: 1.8.4
